// !$*UTF8*$!
{
	archiveVersion = 1;
	classes = {
	};
	objectVersion = 46;
	objects = {

/* Begin PBXBuildFile section */
		B1022FC31E27692D00F7392A /* String.swift in Sources */ = {isa = PBXBuildFile; fileRef = B1022FC21E27692D00F7392A /* String.swift */; };
		B1039A0E1E1E975B0049E5B0 /* AppDelegate.swift in Sources */ = {isa = PBXBuildFile; fileRef = B1039A0D1E1E975B0049E5B0 /* AppDelegate.swift */; };
		B1039A101E1E975B0049E5B0 /* ViewController.swift in Sources */ = {isa = PBXBuildFile; fileRef = B1039A0F1E1E975B0049E5B0 /* ViewController.swift */; };
		B1039A131E1E975B0049E5B0 /* Main.storyboard in Resources */ = {isa = PBXBuildFile; fileRef = B1039A111E1E975B0049E5B0 /* Main.storyboard */; };
		B1039A161E1E975B0049E5B0 /* TravelTime.xcdatamodeld in Sources */ = {isa = PBXBuildFile; fileRef = B1039A141E1E975B0049E5B0 /* TravelTime.xcdatamodeld */; };
		B1039A181E1E975B0049E5B0 /* Assets.xcassets in Resources */ = {isa = PBXBuildFile; fileRef = B1039A171E1E975B0049E5B0 /* Assets.xcassets */; };
		B1039A1B1E1E975B0049E5B0 /* LaunchScreen.storyboard in Resources */ = {isa = PBXBuildFile; fileRef = B1039A191E1E975B0049E5B0 /* LaunchScreen.storyboard */; };
		B1039A261E1E975B0049E5B0 /* TravelTimeTests.swift in Sources */ = {isa = PBXBuildFile; fileRef = B1039A251E1E975B0049E5B0 /* TravelTimeTests.swift */; };
		B1039A311E1E975B0049E5B0 /* TravelTimeUITests.swift in Sources */ = {isa = PBXBuildFile; fileRef = B1039A301E1E975B0049E5B0 /* TravelTimeUITests.swift */; };
		B1039A561E1EF78D0049E5B0 /* SwiftHTTP.framework in Frameworks */ = {isa = PBXBuildFile; fileRef = B1039A491E1EF77A0049E5B0 /* SwiftHTTP.framework */; };
		B1D71AF71E2795BA002CE07C /* SwiftHTTP.framework in Frameworks */ = {isa = PBXBuildFile; fileRef = B1039A491E1EF77A0049E5B0 /* SwiftHTTP.framework */; };
		B1D71AF81E2795BA002CE07C /* SwiftHTTP.framework in Embed Frameworks */ = {isa = PBXBuildFile; fileRef = B1039A491E1EF77A0049E5B0 /* SwiftHTTP.framework */; settings = {ATTRIBUTES = (CodeSignOnCopy, RemoveHeadersOnCopy, ); }; };
/* End PBXBuildFile section */

/* Begin PBXContainerItemProxy section */
		B1039A221E1E975B0049E5B0 /* PBXContainerItemProxy */ = {
			isa = PBXContainerItemProxy;
			containerPortal = B1039A021E1E975A0049E5B0 /* Project object */;
			proxyType = 1;
			remoteGlobalIDString = B1039A091E1E975A0049E5B0;
			remoteInfo = TravelTime;
		};
		B1039A2D1E1E975B0049E5B0 /* PBXContainerItemProxy */ = {
			isa = PBXContainerItemProxy;
			containerPortal = B1039A021E1E975A0049E5B0 /* Project object */;
			proxyType = 1;
			remoteGlobalIDString = B1039A091E1E975A0049E5B0;
			remoteInfo = TravelTime;
		};
		B1039A481E1EF77A0049E5B0 /* PBXContainerItemProxy */ = {
			isa = PBXContainerItemProxy;
			containerPortal = B1039A3E1E1EF77A0049E5B0 /* SwiftHTTP.xcodeproj */;
			proxyType = 2;
			remoteGlobalIDString = 6BFD901619C8D8B500DD99B6;
			remoteInfo = SwiftHTTP;
		};
		B1039A4A1E1EF77A0049E5B0 /* PBXContainerItemProxy */ = {
			isa = PBXContainerItemProxy;
			containerPortal = B1039A3E1E1EF77A0049E5B0 /* SwiftHTTP.xcodeproj */;
			proxyType = 2;
			remoteGlobalIDString = 6BFD902119C8D8B500DD99B6;
			remoteInfo = SwiftHTTPTests;
		};
		B1039A4C1E1EF77A0049E5B0 /* PBXContainerItemProxy */ = {
			isa = PBXContainerItemProxy;
			containerPortal = B1039A3E1E1EF77A0049E5B0 /* SwiftHTTP.xcodeproj */;
			proxyType = 2;
			remoteGlobalIDString = D958025919E6EEEB003C8218;
			remoteInfo = SwiftHTTPOSX;
		};
		B1039A4E1E1EF77A0049E5B0 /* PBXContainerItemProxy */ = {
			isa = PBXContainerItemProxy;
			containerPortal = B1039A3E1E1EF77A0049E5B0 /* SwiftHTTP.xcodeproj */;
			proxyType = 2;
			remoteGlobalIDString = D958026319E6EEEB003C8218;
			remoteInfo = SwiftHTTPOSXTests;
		};
		B1039A501E1EF77A0049E5B0 /* PBXContainerItemProxy */ = {
			isa = PBXContainerItemProxy;
			containerPortal = B1039A3E1E1EF77A0049E5B0 /* SwiftHTTP.xcodeproj */;
			proxyType = 2;
			remoteGlobalIDString = 5C135EC11C4733CD00AA3A01;
			remoteInfo = SwiftHTTPtvOS;
		};
		B1039A521E1EF77A0049E5B0 /* PBXContainerItemProxy */ = {
			isa = PBXContainerItemProxy;
			containerPortal = B1039A3E1E1EF77A0049E5B0 /* SwiftHTTP.xcodeproj */;
			proxyType = 2;
			remoteGlobalIDString = 5C135ECA1C4733CE00AA3A01;
			remoteInfo = SwiftHTTPtvOSTests;
		};
		B1039A541E1EF77A0049E5B0 /* PBXContainerItemProxy */ = {
			isa = PBXContainerItemProxy;
			containerPortal = B1039A3E1E1EF77A0049E5B0 /* SwiftHTTP.xcodeproj */;
			proxyType = 2;
			remoteGlobalIDString = 5C135FA91C4737E200AA3A01;
			remoteInfo = SwiftHTTPWatchOS;
		};
		B1D71AF91E2795BA002CE07C /* PBXContainerItemProxy */ = {
			isa = PBXContainerItemProxy;
			containerPortal = B1039A3E1E1EF77A0049E5B0 /* SwiftHTTP.xcodeproj */;
			proxyType = 1;
			remoteGlobalIDString = 6BFD901519C8D8B500DD99B6;
			remoteInfo = SwiftHTTP;
		};
/* End PBXContainerItemProxy section */

/* Begin PBXCopyFilesBuildPhase section */
		B1D71AFB1E2795BA002CE07C /* Embed Frameworks */ = {
			isa = PBXCopyFilesBuildPhase;
			buildActionMask = 2147483647;
			dstPath = "";
			dstSubfolderSpec = 10;
			files = (
				B1D71AF81E2795BA002CE07C /* SwiftHTTP.framework in Embed Frameworks */,
			);
			name = "Embed Frameworks";
			runOnlyForDeploymentPostprocessing = 0;
		};
/* End PBXCopyFilesBuildPhase section */

/* Begin PBXFileReference section */
		B1022FC21E27692D00F7392A /* String.swift */ = {isa = PBXFileReference; fileEncoding = 4; lastKnownFileType = sourcecode.swift; path = String.swift; sourceTree = "<group>"; };
		B1039A0A1E1E975B0049E5B0 /* TravelTime.app */ = {isa = PBXFileReference; explicitFileType = wrapper.application; includeInIndex = 0; path = TravelTime.app; sourceTree = BUILT_PRODUCTS_DIR; };
		B1039A0D1E1E975B0049E5B0 /* AppDelegate.swift */ = {isa = PBXFileReference; lastKnownFileType = sourcecode.swift; path = AppDelegate.swift; sourceTree = "<group>"; };
		B1039A0F1E1E975B0049E5B0 /* ViewController.swift */ = {isa = PBXFileReference; lastKnownFileType = sourcecode.swift; path = ViewController.swift; sourceTree = "<group>"; };
		B1039A121E1E975B0049E5B0 /* Base */ = {isa = PBXFileReference; lastKnownFileType = file.storyboard; name = Base; path = Base.lproj/Main.storyboard; sourceTree = "<group>"; };
		B1039A151E1E975B0049E5B0 /* TravelTime.xcdatamodel */ = {isa = PBXFileReference; lastKnownFileType = wrapper.xcdatamodel; path = TravelTime.xcdatamodel; sourceTree = "<group>"; };
		B1039A171E1E975B0049E5B0 /* Assets.xcassets */ = {isa = PBXFileReference; lastKnownFileType = folder.assetcatalog; path = Assets.xcassets; sourceTree = "<group>"; };
		B1039A1A1E1E975B0049E5B0 /* Base */ = {isa = PBXFileReference; lastKnownFileType = file.storyboard; name = Base; path = Base.lproj/LaunchScreen.storyboard; sourceTree = "<group>"; };
		B1039A1C1E1E975B0049E5B0 /* Info.plist */ = {isa = PBXFileReference; lastKnownFileType = text.plist.xml; path = Info.plist; sourceTree = "<group>"; };
		B1039A211E1E975B0049E5B0 /* TravelTimeTests.xctest */ = {isa = PBXFileReference; explicitFileType = wrapper.cfbundle; includeInIndex = 0; path = TravelTimeTests.xctest; sourceTree = BUILT_PRODUCTS_DIR; };
		B1039A251E1E975B0049E5B0 /* TravelTimeTests.swift */ = {isa = PBXFileReference; lastKnownFileType = sourcecode.swift; path = TravelTimeTests.swift; sourceTree = "<group>"; };
		B1039A271E1E975B0049E5B0 /* Info.plist */ = {isa = PBXFileReference; lastKnownFileType = text.plist.xml; path = Info.plist; sourceTree = "<group>"; };
		B1039A2C1E1E975B0049E5B0 /* TravelTimeUITests.xctest */ = {isa = PBXFileReference; explicitFileType = wrapper.cfbundle; includeInIndex = 0; path = TravelTimeUITests.xctest; sourceTree = BUILT_PRODUCTS_DIR; };
		B1039A301E1E975B0049E5B0 /* TravelTimeUITests.swift */ = {isa = PBXFileReference; lastKnownFileType = sourcecode.swift; path = TravelTimeUITests.swift; sourceTree = "<group>"; };
		B1039A321E1E975B0049E5B0 /* Info.plist */ = {isa = PBXFileReference; lastKnownFileType = text.plist.xml; path = Info.plist; sourceTree = "<group>"; };
		B1039A3E1E1EF77A0049E5B0 /* SwiftHTTP.xcodeproj */ = {isa = PBXFileReference; lastKnownFileType = "wrapper.pb-project"; name = SwiftHTTP.xcodeproj; path = "../../SwiftHTTP-master/SwiftHTTP.xcodeproj"; sourceTree = "<group>"; };
/* End PBXFileReference section */

/* Begin PBXFrameworksBuildPhase section */
		B1039A071E1E975A0049E5B0 /* Frameworks */ = {
			isa = PBXFrameworksBuildPhase;
			buildActionMask = 2147483647;
			files = (
				B1D71AF71E2795BA002CE07C /* SwiftHTTP.framework in Frameworks */,
				B1039A561E1EF78D0049E5B0 /* SwiftHTTP.framework in Frameworks */,
			);
			runOnlyForDeploymentPostprocessing = 0;
		};
		B1039A1E1E1E975B0049E5B0 /* Frameworks */ = {
			isa = PBXFrameworksBuildPhase;
			buildActionMask = 2147483647;
			files = (
			);
			runOnlyForDeploymentPostprocessing = 0;
		};
		B1039A291E1E975B0049E5B0 /* Frameworks */ = {
			isa = PBXFrameworksBuildPhase;
			buildActionMask = 2147483647;
			files = (
			);
			runOnlyForDeploymentPostprocessing = 0;
		};
/* End PBXFrameworksBuildPhase section */

/* Begin PBXGroup section */
		B1039A011E1E975A0049E5B0 = {
			isa = PBXGroup;
			children = (
				B1039A0C1E1E975B0049E5B0 /* TravelTime */,
				B1039A241E1E975B0049E5B0 /* TravelTimeTests */,
				B1039A2F1E1E975B0049E5B0 /* TravelTimeUITests */,
				B1039A0B1E1E975B0049E5B0 /* Products */,
			);
			sourceTree = "<group>";
		};
		B1039A0B1E1E975B0049E5B0 /* Products */ = {
			isa = PBXGroup;
			children = (
				B1039A0A1E1E975B0049E5B0 /* TravelTime.app */,
				B1039A211E1E975B0049E5B0 /* TravelTimeTests.xctest */,
				B1039A2C1E1E975B0049E5B0 /* TravelTimeUITests.xctest */,
			);
			name = Products;
			sourceTree = "<group>";
		};
		B1039A0C1E1E975B0049E5B0 /* TravelTime */ = {
			isa = PBXGroup;
			children = (
				B1039A0D1E1E975B0049E5B0 /* AppDelegate.swift */,
				B1039A0F1E1E975B0049E5B0 /* ViewController.swift */,
				B1022FC21E27692D00F7392A /* String.swift */,
				B1039A3E1E1EF77A0049E5B0 /* SwiftHTTP.xcodeproj */,
				B1039A111E1E975B0049E5B0 /* Main.storyboard */,
				B1039A171E1E975B0049E5B0 /* Assets.xcassets */,
				B1039A191E1E975B0049E5B0 /* LaunchScreen.storyboard */,
				B1039A1C1E1E975B0049E5B0 /* Info.plist */,
				B1039A141E1E975B0049E5B0 /* TravelTime.xcdatamodeld */,
			);
			path = TravelTime;
			sourceTree = "<group>";
		};
		B1039A241E1E975B0049E5B0 /* TravelTimeTests */ = {
			isa = PBXGroup;
			children = (
				B1039A251E1E975B0049E5B0 /* TravelTimeTests.swift */,
				B1039A271E1E975B0049E5B0 /* Info.plist */,
			);
			path = TravelTimeTests;
			sourceTree = "<group>";
		};
		B1039A2F1E1E975B0049E5B0 /* TravelTimeUITests */ = {
			isa = PBXGroup;
			children = (
				B1039A301E1E975B0049E5B0 /* TravelTimeUITests.swift */,
				B1039A321E1E975B0049E5B0 /* Info.plist */,
			);
			path = TravelTimeUITests;
			sourceTree = "<group>";
		};
		B1039A3F1E1EF77A0049E5B0 /* Products */ = {
			isa = PBXGroup;
			children = (
				B1039A491E1EF77A0049E5B0 /* SwiftHTTP.framework */,
				B1039A4B1E1EF77A0049E5B0 /* SwiftHTTPTests.xctest */,
				B1039A4D1E1EF77A0049E5B0 /* SwiftHTTP.framework */,
				B1039A4F1E1EF77A0049E5B0 /* SwiftHTTPOSXTests.xctest */,
				B1039A511E1EF77A0049E5B0 /* SwiftHTTP.framework */,
				B1039A531E1EF77A0049E5B0 /* SwiftHTTPtvOSTests.xctest */,
				B1039A551E1EF77A0049E5B0 /* SwiftHTTP.framework */,
			);
			name = Products;
			sourceTree = "<group>";
		};
/* End PBXGroup section */

/* Begin PBXNativeTarget section */
		B1039A091E1E975A0049E5B0 /* TravelTime */ = {
			isa = PBXNativeTarget;
			buildConfigurationList = B1039A351E1E975B0049E5B0 /* Build configuration list for PBXNativeTarget "TravelTime" */;
			buildPhases = (
				B1039A061E1E975A0049E5B0 /* Sources */,
				B1039A071E1E975A0049E5B0 /* Frameworks */,
				B1039A081E1E975A0049E5B0 /* Resources */,
				B1D71AFB1E2795BA002CE07C /* Embed Frameworks */,
			);
			buildRules = (
			);
			dependencies = (
				B1D71AFA1E2795BA002CE07C /* PBXTargetDependency */,
			);
			name = TravelTime;
			productName = TravelTime;
			productReference = B1039A0A1E1E975B0049E5B0 /* TravelTime.app */;
			productType = "com.apple.product-type.application";
		};
		B1039A201E1E975B0049E5B0 /* TravelTimeTests */ = {
			isa = PBXNativeTarget;
			buildConfigurationList = B1039A381E1E975B0049E5B0 /* Build configuration list for PBXNativeTarget "TravelTimeTests" */;
			buildPhases = (
				B1039A1D1E1E975B0049E5B0 /* Sources */,
				B1039A1E1E1E975B0049E5B0 /* Frameworks */,
				B1039A1F1E1E975B0049E5B0 /* Resources */,
			);
			buildRules = (
			);
			dependencies = (
				B1039A231E1E975B0049E5B0 /* PBXTargetDependency */,
			);
			name = TravelTimeTests;
			productName = TravelTimeTests;
			productReference = B1039A211E1E975B0049E5B0 /* TravelTimeTests.xctest */;
			productType = "com.apple.product-type.bundle.unit-test";
		};
		B1039A2B1E1E975B0049E5B0 /* TravelTimeUITests */ = {
			isa = PBXNativeTarget;
			buildConfigurationList = B1039A3B1E1E975B0049E5B0 /* Build configuration list for PBXNativeTarget "TravelTimeUITests" */;
			buildPhases = (
				B1039A281E1E975B0049E5B0 /* Sources */,
				B1039A291E1E975B0049E5B0 /* Frameworks */,
				B1039A2A1E1E975B0049E5B0 /* Resources */,
			);
			buildRules = (
			);
			dependencies = (
				B1039A2E1E1E975B0049E5B0 /* PBXTargetDependency */,
			);
			name = TravelTimeUITests;
			productName = TravelTimeUITests;
			productReference = B1039A2C1E1E975B0049E5B0 /* TravelTimeUITests.xctest */;
			productType = "com.apple.product-type.bundle.ui-testing";
		};
/* End PBXNativeTarget section */

/* Begin PBXProject section */
		B1039A021E1E975A0049E5B0 /* Project object */ = {
			isa = PBXProject;
			attributes = {
				LastSwiftUpdateCheck = 0820;
				LastUpgradeCheck = 0820;
				ORGANIZATIONNAME = "Léon Friedmann";
				TargetAttributes = {
					B1039A091E1E975A0049E5B0 = {
						CreatedOnToolsVersion = 8.2;
						DevelopmentTeam = NU6MM4H979;
						ProvisioningStyle = Automatic;
						SystemCapabilities = {
							com.apple.BackgroundModes = {
								enabled = 1;
							};
						};
					};
					B1039A201E1E975B0049E5B0 = {
						CreatedOnToolsVersion = 8.2;
						DevelopmentTeam = NU6MM4H979;
						ProvisioningStyle = Automatic;
						TestTargetID = B1039A091E1E975A0049E5B0;
					};
					B1039A2B1E1E975B0049E5B0 = {
						CreatedOnToolsVersion = 8.2;
						DevelopmentTeam = NU6MM4H979;
						ProvisioningStyle = Automatic;
						TestTargetID = B1039A091E1E975A0049E5B0;
					};
				};
			};
			buildConfigurationList = B1039A051E1E975A0049E5B0 /* Build configuration list for PBXProject "TravelTime" */;
			compatibilityVersion = "Xcode 3.2";
			developmentRegion = English;
			hasScannedForEncodings = 0;
			knownRegions = (
				en,
				Base,
			);
			mainGroup = B1039A011E1E975A0049E5B0;
			productRefGroup = B1039A0B1E1E975B0049E5B0 /* Products */;
			projectDirPath = "";
			projectReferences = (
				{
					ProductGroup = B1039A3F1E1EF77A0049E5B0 /* Products */;
					ProjectRef = B1039A3E1E1EF77A0049E5B0 /* SwiftHTTP.xcodeproj */;
				},
			);
			projectRoot = "";
			targets = (
				B1039A091E1E975A0049E5B0 /* TravelTime */,
				B1039A201E1E975B0049E5B0 /* TravelTimeTests */,
				B1039A2B1E1E975B0049E5B0 /* TravelTimeUITests */,
			);
		};
/* End PBXProject section */

/* Begin PBXReferenceProxy section */
		B1039A491E1EF77A0049E5B0 /* SwiftHTTP.framework */ = {
			isa = PBXReferenceProxy;
			fileType = wrapper.framework;
			path = SwiftHTTP.framework;
			remoteRef = B1039A481E1EF77A0049E5B0 /* PBXContainerItemProxy */;
			sourceTree = BUILT_PRODUCTS_DIR;
		};
		B1039A4B1E1EF77A0049E5B0 /* SwiftHTTPTests.xctest */ = {
			isa = PBXReferenceProxy;
			fileType = wrapper.cfbundle;
			path = SwiftHTTPTests.xctest;
			remoteRef = B1039A4A1E1EF77A0049E5B0 /* PBXContainerItemProxy */;
			sourceTree = BUILT_PRODUCTS_DIR;
		};
		B1039A4D1E1EF77A0049E5B0 /* SwiftHTTP.framework */ = {
			isa = PBXReferenceProxy;
			fileType = wrapper.framework;
			path = SwiftHTTP.framework;
			remoteRef = B1039A4C1E1EF77A0049E5B0 /* PBXContainerItemProxy */;
			sourceTree = BUILT_PRODUCTS_DIR;
		};
		B1039A4F1E1EF77A0049E5B0 /* SwiftHTTPOSXTests.xctest */ = {
			isa = PBXReferenceProxy;
			fileType = wrapper.cfbundle;
			path = SwiftHTTPOSXTests.xctest;
			remoteRef = B1039A4E1E1EF77A0049E5B0 /* PBXContainerItemProxy */;
			sourceTree = BUILT_PRODUCTS_DIR;
		};
		B1039A511E1EF77A0049E5B0 /* SwiftHTTP.framework */ = {
			isa = PBXReferenceProxy;
			fileType = wrapper.framework;
			path = SwiftHTTP.framework;
			remoteRef = B1039A501E1EF77A0049E5B0 /* PBXContainerItemProxy */;
			sourceTree = BUILT_PRODUCTS_DIR;
		};
		B1039A531E1EF77A0049E5B0 /* SwiftHTTPtvOSTests.xctest */ = {
			isa = PBXReferenceProxy;
			fileType = wrapper.cfbundle;
			path = SwiftHTTPtvOSTests.xctest;
			remoteRef = B1039A521E1EF77A0049E5B0 /* PBXContainerItemProxy */;
			sourceTree = BUILT_PRODUCTS_DIR;
		};
		B1039A551E1EF77A0049E5B0 /* SwiftHTTP.framework */ = {
			isa = PBXReferenceProxy;
			fileType = wrapper.framework;
			path = SwiftHTTP.framework;
			remoteRef = B1039A541E1EF77A0049E5B0 /* PBXContainerItemProxy */;
			sourceTree = BUILT_PRODUCTS_DIR;
		};
/* End PBXReferenceProxy section */

/* Begin PBXResourcesBuildPhase section */
		B1039A081E1E975A0049E5B0 /* Resources */ = {
			isa = PBXResourcesBuildPhase;
			buildActionMask = 2147483647;
			files = (
				B1039A1B1E1E975B0049E5B0 /* LaunchScreen.storyboard in Resources */,
				B1039A181E1E975B0049E5B0 /* Assets.xcassets in Resources */,
				B1039A131E1E975B0049E5B0 /* Main.storyboard in Resources */,
			);
			runOnlyForDeploymentPostprocessing = 0;
		};
		B1039A1F1E1E975B0049E5B0 /* Resources */ = {
			isa = PBXResourcesBuildPhase;
			buildActionMask = 2147483647;
			files = (
			);
			runOnlyForDeploymentPostprocessing = 0;
		};
		B1039A2A1E1E975B0049E5B0 /* Resources */ = {
			isa = PBXResourcesBuildPhase;
			buildActionMask = 2147483647;
			files = (
			);
			runOnlyForDeploymentPostprocessing = 0;
		};
/* End PBXResourcesBuildPhase section */

/* Begin PBXSourcesBuildPhase section */
		B1039A061E1E975A0049E5B0 /* Sources */ = {
			isa = PBXSourcesBuildPhase;
			buildActionMask = 2147483647;
			files = (
				B1039A101E1E975B0049E5B0 /* ViewController.swift in Sources */,
				B1039A161E1E975B0049E5B0 /* TravelTime.xcdatamodeld in Sources */,
				B1022FC31E27692D00F7392A /* String.swift in Sources */,
				B1039A0E1E1E975B0049E5B0 /* AppDelegate.swift in Sources */,
			);
			runOnlyForDeploymentPostprocessing = 0;
		};
		B1039A1D1E1E975B0049E5B0 /* Sources */ = {
			isa = PBXSourcesBuildPhase;
			buildActionMask = 2147483647;
			files = (
				B1039A261E1E975B0049E5B0 /* TravelTimeTests.swift in Sources */,
			);
			runOnlyForDeploymentPostprocessing = 0;
		};
		B1039A281E1E975B0049E5B0 /* Sources */ = {
			isa = PBXSourcesBuildPhase;
			buildActionMask = 2147483647;
			files = (
				B1039A311E1E975B0049E5B0 /* TravelTimeUITests.swift in Sources */,
			);
			runOnlyForDeploymentPostprocessing = 0;
		};
/* End PBXSourcesBuildPhase section */

/* Begin PBXTargetDependency section */
		B1039A231E1E975B0049E5B0 /* PBXTargetDependency */ = {
			isa = PBXTargetDependency;
			target = B1039A091E1E975A0049E5B0 /* TravelTime */;
			targetProxy = B1039A221E1E975B0049E5B0 /* PBXContainerItemProxy */;
		};
		B1039A2E1E1E975B0049E5B0 /* PBXTargetDependency */ = {
			isa = PBXTargetDependency;
			target = B1039A091E1E975A0049E5B0 /* TravelTime */;
			targetProxy = B1039A2D1E1E975B0049E5B0 /* PBXContainerItemProxy */;
		};
		B1D71AFA1E2795BA002CE07C /* PBXTargetDependency */ = {
			isa = PBXTargetDependency;
			name = SwiftHTTP;
			targetProxy = B1D71AF91E2795BA002CE07C /* PBXContainerItemProxy */;
		};
/* End PBXTargetDependency section */

/* Begin PBXVariantGroup section */
		B1039A111E1E975B0049E5B0 /* Main.storyboard */ = {
			isa = PBXVariantGroup;
			children = (
				B1039A121E1E975B0049E5B0 /* Base */,
			);
			name = Main.storyboard;
			sourceTree = "<group>";
		};
		B1039A191E1E975B0049E5B0 /* LaunchScreen.storyboard */ = {
			isa = PBXVariantGroup;
			children = (
				B1039A1A1E1E975B0049E5B0 /* Base */,
			);
			name = LaunchScreen.storyboard;
			sourceTree = "<group>";
		};
/* End PBXVariantGroup section */

/* Begin XCBuildConfiguration section */
		B1039A331E1E975B0049E5B0 /* Debug */ = {
			isa = XCBuildConfiguration;
			buildSettings = {
				ALWAYS_SEARCH_USER_PATHS = NO;
				CLANG_ANALYZER_NONNULL = YES;
				CLANG_CXX_LANGUAGE_STANDARD = "gnu++0x";
				CLANG_CXX_LIBRARY = "libc++";
				CLANG_ENABLE_MODULES = YES;
				CLANG_ENABLE_OBJC_ARC = YES;
				CLANG_WARN_BOOL_CONVERSION = YES;
				CLANG_WARN_CONSTANT_CONVERSION = YES;
				CLANG_WARN_DIRECT_OBJC_ISA_USAGE = YES_ERROR;
				CLANG_WARN_DOCUMENTATION_COMMENTS = YES;
				CLANG_WARN_EMPTY_BODY = YES;
				CLANG_WARN_ENUM_CONVERSION = YES;
				CLANG_WARN_INFINITE_RECURSION = YES;
				CLANG_WARN_INT_CONVERSION = YES;
				CLANG_WARN_OBJC_ROOT_CLASS = YES_ERROR;
				CLANG_WARN_SUSPICIOUS_MOVE = YES;
				CLANG_WARN_UNREACHABLE_CODE = YES;
				CLANG_WARN__DUPLICATE_METHOD_MATCH = YES;
				"CODE_SIGN_IDENTITY[sdk=iphoneos*]" = "iPhone Developer";
				COPY_PHASE_STRIP = NO;
				DEBUG_INFORMATION_FORMAT = dwarf;
				ENABLE_STRICT_OBJC_MSGSEND = YES;
				ENABLE_TESTABILITY = YES;
				GCC_C_LANGUAGE_STANDARD = gnu99;
				GCC_DYNAMIC_NO_PIC = NO;
				GCC_NO_COMMON_BLOCKS = YES;
				GCC_OPTIMIZATION_LEVEL = 0;
				GCC_PREPROCESSOR_DEFINITIONS = (
					"DEBUG=1",
					"$(inherited)",
				);
				GCC_WARN_64_TO_32_BIT_CONVERSION = YES;
				GCC_WARN_ABOUT_RETURN_TYPE = YES_ERROR;
				GCC_WARN_UNDECLARED_SELECTOR = YES;
				GCC_WARN_UNINITIALIZED_AUTOS = YES_AGGRESSIVE;
				GCC_WARN_UNUSED_FUNCTION = YES;
				GCC_WARN_UNUSED_VARIABLE = YES;
				IPHONEOS_DEPLOYMENT_TARGET = 10.2;
				MTL_ENABLE_DEBUG_INFO = YES;
				ONLY_ACTIVE_ARCH = YES;
				SDKROOT = iphoneos;
				SWIFT_ACTIVE_COMPILATION_CONDITIONS = DEBUG;
				SWIFT_OPTIMIZATION_LEVEL = "-Onone";
			};
			name = Debug;
		};
		B1039A341E1E975B0049E5B0 /* Release */ = {
			isa = XCBuildConfiguration;
			buildSettings = {
				ALWAYS_SEARCH_USER_PATHS = NO;
				CLANG_ANALYZER_NONNULL = YES;
				CLANG_CXX_LANGUAGE_STANDARD = "gnu++0x";
				CLANG_CXX_LIBRARY = "libc++";
				CLANG_ENABLE_MODULES = YES;
				CLANG_ENABLE_OBJC_ARC = YES;
				CLANG_WARN_BOOL_CONVERSION = YES;
				CLANG_WARN_CONSTANT_CONVERSION = YES;
				CLANG_WARN_DIRECT_OBJC_ISA_USAGE = YES_ERROR;
				CLANG_WARN_DOCUMENTATION_COMMENTS = YES;
				CLANG_WARN_EMPTY_BODY = YES;
				CLANG_WARN_ENUM_CONVERSION = YES;
				CLANG_WARN_INFINITE_RECURSION = YES;
				CLANG_WARN_INT_CONVERSION = YES;
				CLANG_WARN_OBJC_ROOT_CLASS = YES_ERROR;
				CLANG_WARN_SUSPICIOUS_MOVE = YES;
				CLANG_WARN_UNREACHABLE_CODE = YES;
				CLANG_WARN__DUPLICATE_METHOD_MATCH = YES;
				"CODE_SIGN_IDENTITY[sdk=iphoneos*]" = "iPhone Developer";
				COPY_PHASE_STRIP = NO;
				DEBUG_INFORMATION_FORMAT = "dwarf-with-dsym";
				ENABLE_NS_ASSERTIONS = NO;
				ENABLE_STRICT_OBJC_MSGSEND = YES;
				GCC_C_LANGUAGE_STANDARD = gnu99;
				GCC_NO_COMMON_BLOCKS = YES;
				GCC_WARN_64_TO_32_BIT_CONVERSION = YES;
				GCC_WARN_ABOUT_RETURN_TYPE = YES_ERROR;
				GCC_WARN_UNDECLARED_SELECTOR = YES;
				GCC_WARN_UNINITIALIZED_AUTOS = YES_AGGRESSIVE;
				GCC_WARN_UNUSED_FUNCTION = YES;
				GCC_WARN_UNUSED_VARIABLE = YES;
				IPHONEOS_DEPLOYMENT_TARGET = 10.2;
				MTL_ENABLE_DEBUG_INFO = NO;
				SDKROOT = iphoneos;
				SWIFT_OPTIMIZATION_LEVEL = "-Owholemodule";
				VALIDATE_PRODUCT = YES;
			};
			name = Release;
		};
		B1039A361E1E975B0049E5B0 /* Debug */ = {
			isa = XCBuildConfiguration;
			buildSettings = {
				ALWAYS_EMBED_SWIFT_STANDARD_LIBRARIES = YES;
				ASSETCATALOG_COMPILER_APPICON_NAME = AppIcon;
				DEVELOPMENT_TEAM = NU6MM4H979;
				INFOPLIST_FILE = TravelTime/Info.plist;
				LD_RUNPATH_SEARCH_PATHS = "$(inherited) @executable_path/Frameworks";
				PRODUCT_BUNDLE_IDENTIFIER = LF.TravelTime;
				PRODUCT_NAME = "$(TARGET_NAME)";
				SWIFT_VERSION = 3.0;
			};
			name = Debug;
		};
		B1039A371E1E975B0049E5B0 /* Release */ = {
			isa = XCBuildConfiguration;
			buildSettings = {
				ALWAYS_EMBED_SWIFT_STANDARD_LIBRARIES = YES;
				ASSETCATALOG_COMPILER_APPICON_NAME = AppIcon;
				DEVELOPMENT_TEAM = NU6MM4H979;
				INFOPLIST_FILE = TravelTime/Info.plist;
				LD_RUNPATH_SEARCH_PATHS = "$(inherited) @executable_path/Frameworks";
				PRODUCT_BUNDLE_IDENTIFIER = LF.TravelTime;
				PRODUCT_NAME = "$(TARGET_NAME)";
				SWIFT_VERSION = 3.0;
			};
			name = Release;
		};
		B1039A391E1E975B0049E5B0 /* Debug */ = {
			isa = XCBuildConfiguration;
			buildSettings = {
				ALWAYS_EMBED_SWIFT_STANDARD_LIBRARIES = YES;
				BUNDLE_LOADER = "$(TEST_HOST)";
				DEVELOPMENT_TEAM = NU6MM4H979;
				INFOPLIST_FILE = TravelTimeTests/Info.plist;
				LD_RUNPATH_SEARCH_PATHS = "$(inherited) @executable_path/Frameworks @loader_path/Frameworks";
				PRODUCT_BUNDLE_IDENTIFIER = LF.TravelTimeTests;
				PRODUCT_NAME = "$(TARGET_NAME)";
				SWIFT_VERSION = 3.0;
				TEST_HOST = "$(BUILT_PRODUCTS_DIR)/TravelTime.app/TravelTime";
			};
			name = Debug;
		};
		B1039A3A1E1E975B0049E5B0 /* Release */ = {
			isa = XCBuildConfiguration;
			buildSettings = {
				ALWAYS_EMBED_SWIFT_STANDARD_LIBRARIES = YES;
				BUNDLE_LOADER = "$(TEST_HOST)";
				DEVELOPMENT_TEAM = NU6MM4H979;
				INFOPLIST_FILE = TravelTimeTests/Info.plist;
				LD_RUNPATH_SEARCH_PATHS = "$(inherited) @executable_path/Frameworks @loader_path/Frameworks";
				PRODUCT_BUNDLE_IDENTIFIER = LF.TravelTimeTests;
				PRODUCT_NAME = "$(TARGET_NAME)";
				SWIFT_VERSION = 3.0;
				TEST_HOST = "$(BUILT_PRODUCTS_DIR)/TravelTime.app/TravelTime";
			};
			name = Release;
		};
		B1039A3C1E1E975B0049E5B0 /* Debug */ = {
			isa = XCBuildConfiguration;
			buildSettings = {
				ALWAYS_EMBED_SWIFT_STANDARD_LIBRARIES = YES;
				DEVELOPMENT_TEAM = NU6MM4H979;
				INFOPLIST_FILE = TravelTimeUITests/Info.plist;
				LD_RUNPATH_SEARCH_PATHS = "$(inherited) @executable_path/Frameworks @loader_path/Frameworks";
				PRODUCT_BUNDLE_IDENTIFIER = LF.TravelTimeUITests;
				PRODUCT_NAME = "$(TARGET_NAME)";
				SWIFT_VERSION = 3.0;
				TEST_TARGET_NAME = TravelTime;
			};
			name = Debug;
		};
		B1039A3D1E1E975B0049E5B0 /* Release */ = {
			isa = XCBuildConfiguration;
			buildSettings = {
				ALWAYS_EMBED_SWIFT_STANDARD_LIBRARIES = YES;
				DEVELOPMENT_TEAM = NU6MM4H979;
				INFOPLIST_FILE = TravelTimeUITests/Info.plist;
				LD_RUNPATH_SEARCH_PATHS = "$(inherited) @executable_path/Frameworks @loader_path/Frameworks";
				PRODUCT_BUNDLE_IDENTIFIER = LF.TravelTimeUITests;
				PRODUCT_NAME = "$(TARGET_NAME)";
				SWIFT_VERSION = 3.0;
				TEST_TARGET_NAME = TravelTime;
			};
			name = Release;
		};
/* End XCBuildConfiguration section */

/* Begin XCConfigurationList section */
		B1039A051E1E975A0049E5B0 /* Build configuration list for PBXProject "TravelTime" */ = {
			isa = XCConfigurationList;
			buildConfigurations = (
				B1039A331E1E975B0049E5B0 /* Debug */,
				B1039A341E1E975B0049E5B0 /* Release */,
			);
			defaultConfigurationIsVisible = 0;
			defaultConfigurationName = Release;
		};
		B1039A351E1E975B0049E5B0 /* Build configuration list for PBXNativeTarget "TravelTime" */ = {
			isa = XCConfigurationList;
			buildConfigurations = (
				B1039A361E1E975B0049E5B0 /* Debug */,
				B1039A371E1E975B0049E5B0 /* Release */,
			);
			defaultConfigurationIsVisible = 0;
			defaultConfigurationName = Release;
		};
		B1039A381E1E975B0049E5B0 /* Build configuration list for PBXNativeTarget "TravelTimeTests" */ = {
			isa = XCConfigurationList;
			buildConfigurations = (
				B1039A391E1E975B0049E5B0 /* Debug */,
				B1039A3A1E1E975B0049E5B0 /* Release */,
			);
			defaultConfigurationIsVisible = 0;
			defaultConfigurationName = Release;
		};
		B1039A3B1E1E975B0049E5B0 /* Build configuration list for PBXNativeTarget "TravelTimeUITests" */ = {
			isa = XCConfigurationList;
			buildConfigurations = (
				B1039A3C1E1E975B0049E5B0 /* Debug */,
				B1039A3D1E1E975B0049E5B0 /* Release */,
			);
			defaultConfigurationIsVisible = 0;
			defaultConfigurationName = Release;
		};
/* End XCConfigurationList section */

/* Begin XCVersionGroup section */
		B1039A141E1E975B0049E5B0 /* TravelTime.xcdatamodeld */ = {
			isa = XCVersionGroup;
			children = (
				B1039A151E1E975B0049E5B0 /* TravelTime.xcdatamodel */,
			);
			currentVersion = B1039A151E1E975B0049E5B0 /* TravelTime.xcdatamodel */;
			path = TravelTime.xcdatamodeld;
			sourceTree = "<group>";
			versionGroupType = wrapper.xcdatamodel;
		};
/* End XCVersionGroup section */
	};
	rootObject = B1039A021E1E975A0049E5B0 /* Project object */;
}
